
Microsoft Visual Studio Solution File, Format Version 12.00
# Visual Studio Version 16
VisualStudioVersion = 16.0.29806.167
MinimumVisualStudioVersion = 10.0.40219.1
Project("{FAE04EC0-301F-11D3-BF4B-00C04F79EFBC}") = "UserSignup", "UserSignup.csproj", "{692A1C67-5827-4806-8929-575C5FAC802B}"
EndProject
Global
	GlobalSection(SolutionConfigurationPlatforms) = preSolution
		Debug|Any CPU = Debug|Any CPU
		Release|Any CPU = Release|Any CPU
	EndGlobalSection
	GlobalSection(ProjectConfigurationPlatforms) = postSolution
		{692A1C67-5827-4806-8929-575C5FAC802B}.Debug|Any CPU.ActiveCfg = Debug|Any CPU
		{692A1C67-5827-4806-8929-575C5FAC802B}.Debug|Any CPU.Build.0 = Debug|Any CPU
		{692A1C67-5827-4806-8929-575C5FAC802B}.Release|Any CPU.ActiveCfg = Release|Any CPU
		{692A1C67-5827-4806-8929-575C5FAC802B}.Release|Any CPU.Build.0 = Release|Any CPU
	EndGlobalSection
	GlobalSection(SolutionProperties) = preSolution
		HideSolutionNode = FALSE
	EndGlobalSection
	GlobalSection(ExtensibilityGlobals) = postSolution
		SolutionGuid = {B45D6132-2EA3-494C-9832-052BB7D60D96}
	EndGlobalSection
EndGlobal
